
Microsoft Visual Studio Solution File, Format Version 11.00
# Visual Studio 2010
Project("{FAE04EC0-301F-11D3-BF4B-00C04F79EFBC}") = "Assembly-CSharp", "Assembly-CSharp.csproj", "{73471089-8556-CEEE-D0C9-723144A64AC3}"
EndProject
Project("{FAE04EC0-301F-11D3-BF4B-00C04F79EFBC}") = "Assembly-CSharp-Editor", "Assembly-CSharp-Editor.csproj", "{916AADCB-F3E1-6571-146A-C0295C8B37E1}"
EndProject
Global
	GlobalSection(SolutionConfigurationPlatforms) = preSolution
		Debug|Any CPU = Debug|Any CPU
		Release|Any CPU = Release|Any CPU
	EndGlobalSection
	GlobalSection(ProjectConfigurationPlatforms) = postSolution
		{73471089-8556-CEEE-D0C9-723144A64AC3}.Debug|Any CPU.ActiveCfg = Debug|Any CPU
		{73471089-8556-CEEE-D0C9-723144A64AC3}.Debug|Any CPU.Build.0 = Debug|Any CPU
		{73471089-8556-CEEE-D0C9-723144A64AC3}.Release|Any CPU.ActiveCfg = Release|Any CPU
		{73471089-8556-CEEE-D0C9-723144A64AC3}.Release|Any CPU.Build.0 = Release|Any CPU
		{916AADCB-F3E1-6571-146A-C0295C8B37E1}.Debug|Any CPU.ActiveCfg = Debug|Any CPU
		{916AADCB-F3E1-6571-146A-C0295C8B37E1}.Debug|Any CPU.Build.0 = Debug|Any CPU
		{916AADCB-F3E1-6571-146A-C0295C8B37E1}.Release|Any CPU.ActiveCfg = Release|Any CPU
		{916AADCB-F3E1-6571-146A-C0295C8B37E1}.Release|Any CPU.Build.0 = Release|Any CPU
	EndGlobalSection
	GlobalSection(SolutionProperties) = preSolution
		HideSolutionNode = FALSE
	EndGlobalSection
EndGlobal
